
Microsoft Visual Studio Solution File, Format Version 12.00
# Visual Studio 15
Project("{FAE04EC0-301F-11D3-BF4B-00C04F79EFBC}") = "Assembly-CSharp", "Assembly-CSharp.csproj", "{61393634-9CFD-5992-A2D1-CECD7C623495}"
EndProject
Project("{FAE04EC0-301F-11D3-BF4B-00C04F79EFBC}") = "Assembly-CSharp-Editor", "Assembly-CSharp-Editor.csproj", "{74555B05-F8B6-31E6-7C00-87F07D914A3D}"
EndProject
Global
	GlobalSection(SolutionConfigurationPlatforms) = preSolution
		Debug|Any CPU = Debug|Any CPU
		Release|Any CPU = Release|Any CPU
	EndGlobalSection
	GlobalSection(ProjectConfigurationPlatforms) = postSolution
		{61393634-9CFD-5992-A2D1-CECD7C623495}.Debug|Any CPU.ActiveCfg = Debug|Any CPU
		{61393634-9CFD-5992-A2D1-CECD7C623495}.Debug|Any CPU.Build.0 = Debug|Any CPU
		{61393634-9CFD-5992-A2D1-CECD7C623495}.Release|Any CPU.ActiveCfg = Release|Any CPU
		{61393634-9CFD-5992-A2D1-CECD7C623495}.Release|Any CPU.Build.0 = Release|Any CPU
		{74555B05-F8B6-31E6-7C00-87F07D914A3D}.Debug|Any CPU.ActiveCfg = Debug|Any CPU
		{74555B05-F8B6-31E6-7C00-87F07D914A3D}.Debug|Any CPU.Build.0 = Debug|Any CPU
		{74555B05-F8B6-31E6-7C00-87F07D914A3D}.Release|Any CPU.ActiveCfg = Release|Any CPU
		{74555B05-F8B6-31E6-7C00-87F07D914A3D}.Release|Any CPU.Build.0 = Release|Any CPU
	EndGlobalSection
	GlobalSection(SolutionProperties) = preSolution
		HideSolutionNode = FALSE
	EndGlobalSection
EndGlobal
